
Microsoft Visual Studio Solution File, Format Version 12.00
# Visual Studio Version 18
VisualStudioVersion = 18.6.11723.189
MinimumVisualStudioVersion = 10.0.40219.1
Project("{FAE04EC0-301F-11D3-BF4B-00C04F79EFBC}") = "Memori", "src\Memori\Memori.csproj", "{CCC533E5-FA15-1EB7-7C06-64C8341EB1B3}"
EndProject
Project("{FAE04EC0-301F-11D3-BF4B-00C04F79EFBC}") = "Memori.Tests", "src\Memori.Tests\Memori.Tests.csproj", "{8A8C7B99-63DA-4B44-9A77-1645ED351F9D}"
EndProject
Project("{2150E333-8FDC-42A3-9474-1A3956D46DE8}") = "Solution Items", "Solution Items", "{418BF5A1-3697-4255-B6AD-CB6D8047FCEF}"
	ProjectSection(SolutionItems) = preProject
		.editorconfig = .editorconfig
		.gitattributes = .gitattributes
		.gitignore = .gitignore
		.mcp.json = .mcp.json
		AGENTS.md = AGENTS.md
		ARCHITECTURE.md = ARCHITECTURE.md
		GETTING-STARTED.md = GETTING-STARTED.md
		README.md = README.md
	EndProjectSection
EndProject
Global
	GlobalSection(SolutionConfigurationPlatforms) = preSolution
		Debug|Any CPU = Debug|Any CPU
		Release|Any CPU = Release|Any CPU
	EndGlobalSection
	GlobalSection(ProjectConfigurationPlatforms) = postSolution
		{CCC533E5-FA15-1EB7-7C06-64C8341EB1B3}.Debug|Any CPU.ActiveCfg = Debug|Any CPU
		{CCC533E5-FA15-1EB7-7C06-64C8341EB1B3}.Debug|Any CPU.Build.0 = Debug|Any CPU
		{CCC533E5-FA15-1EB7-7C06-64C8341EB1B3}.Release|Any CPU.ActiveCfg = Release|Any CPU
		{CCC533E5-FA15-1EB7-7C06-64C8341EB1B3}.Release|Any CPU.Build.0 = Release|Any CPU
		{8A8C7B99-63DA-4B44-9A77-1645ED351F9D}.Debug|Any CPU.ActiveCfg = Debug|Any CPU
		{8A8C7B99-63DA-4B44-9A77-1645ED351F9D}.Debug|Any CPU.Build.0 = Debug|Any CPU
		{8A8C7B99-63DA-4B44-9A77-1645ED351F9D}.Release|Any CPU.ActiveCfg = Release|Any CPU
		{8A8C7B99-63DA-4B44-9A77-1645ED351F9D}.Release|Any CPU.Build.0 = Release|Any CPU
	EndGlobalSection
	GlobalSection(SolutionProperties) = preSolution
		HideSolutionNode = FALSE
	EndGlobalSection
	GlobalSection(ExtensibilityGlobals) = postSolution
		SolutionGuid = {84051EA8-018E-4D81-95DF-41314A01B4A1}
	EndGlobalSection
EndGlobal
