<Solution>
  <Folder Name="/Solution Items/">
    <File Path=".editorconfig" />
    <File Path=".gitattributes" />
    <File Path=".gitignore" />
    <File Path=".mcp.json" />
    <File Path="AGENTS.md" />
    <File Path="ARCHITECTURE.md" />
    <File Path="GETTING-STARTED.md" />
    <File Path="README.md" />
  </Folder>
  <Project Path="Sample/Sample.csproj" />
  <Project Path="src/Memori/Memori.csproj" />
  <Project Path="src/Memori.Mcp/Memori.Mcp.csproj" />
  <Project Path="tests/Memori.Tests/Memori.Tests.csproj" />
</Solution>
